// !$*UTF8*$!
{
	archiveVersion = 1;
	classes = {
	};
	objectVersion = 77;
	objects = {

/* Begin PBXBuildFile section */
		95314FF62E950C9100BDEE62 /* Auth in Frameworks */ = {isa = PBXBuildFile; productRef = 95314FF52E950C9100BDEE62 /* Auth */; };
		95314FF82E950C9100BDEE62 /* Functions in Frameworks */ = {isa = PBXBuildFile; productRef = 95314FF72E950C9100BDEE62 /* Functions */; };
		95314FFA2E950C9100BDEE62 /* PostgREST in Frameworks */ = {isa = PBXBuildFile; productRef = 95314FF92E950C9100BDEE62 /* PostgREST */; };
		95314FFC2E950C9100BDEE62 /* Realtime in Frameworks */ = {isa = PBXBuildFile; productRef = 95314FFB2E950C9100BDEE62 /* Realtime */; };
		95314FFE2E950C9100BDEE62 /* Storage in Frameworks */ = {isa = PBXBuildFile; productRef = 95314FFD2E950C9100BDEE62 /* Storage */; };
		953150002E950C9100BDEE62 /* Supabase in Frameworks */ = {isa = PBXBuildFile; productRef = 95314FFF2E950C9100BDEE62 /* Supabase */; };
/* End PBXBuildFile section */

/* Begin PBXContainerItemProxy section */
		953474932E8AA6D6004F4AA2 /* PBXContainerItemProxy */ = {
			isa = PBXContainerItemProxy;
			containerPortal = 9534747D2E8AA6D5004F4AA2 /* Project object */;
			proxyType = 1;
			remoteGlobalIDString = 953474842E8AA6D5004F4AA2;
			remoteInfo = Kuro;
		};
		9534749D2E8AA6D6004F4AA2 /* PBXContainerItemProxy */ = {
			isa = PBXContainerItemProxy;
			containerPortal = 9534747D2E8AA6D5004F4AA2 /* Project object */;
			proxyType = 1;
			remoteGlobalIDString = 953474842E8AA6D5004F4AA2;
			remoteInfo = Kuro;
		};
/* End PBXContainerItemProxy section */

/* Begin PBXFileReference section */
		953474852E8AA6D5004F4AA2 /* Kuro.app */ = {isa = PBXFileReference; explicitFileType = wrapper.application; includeInIndex = 0; path = Kuro.app; sourceTree = BUILT_PRODUCTS_DIR; };
		953474922E8AA6D6004F4AA2 /* KuroTests.xctest */ = {isa = PBXFileReference; explicitFileType = wrapper.cfbundle; includeInIndex = 0; path = KuroTests.xctest; sourceTree = BUILT_PRODUCTS_DIR; };
		9534749C2E8AA6D6004F4AA2 /* KuroUITests.xctest */ = {isa = PBXFileReference; explicitFileType = wrapper.cfbundle; includeInIndex = 0; path = KuroUITests.xctest; sourceTree = BUILT_PRODUCTS_DIR; };
/* End PBXFileReference section */

/* Begin PBXFileSystemSynchronizedRootGroup section */
		953474872E8AA6D5004F4AA2 /* Kuro */ = {
			isa = PBXFileSystemSynchronizedRootGroup;
			path = Kuro;
			sourceTree = "<group>";
		};
		953474952E8AA6D6004F4AA2 /* KuroTests */ = {
			isa = PBXFileSystemSynchronizedRootGroup;
			path = KuroTests;
			sourceTree = "<group>";
		};
		9534749F2E8AA6D6004F4AA2 /* KuroUITests */ = {
			isa = PBXFileSystemSynchronizedRootGroup;
			path = KuroUITests;
			sourceTree = "<group>";
		};
/* End PBXFileSystemSynchronizedRootGroup section */

/* Begin PBXFrameworksBuildPhase section */
		953474822E8AA6D5004F4AA2 /* Frameworks */ = {
			isa = PBXFrameworksBuildPhase;
			buildActionMask = 2147483647;
			files = (
				95314FFA2E950C9100BDEE62 /* PostgREST in Frameworks */,
				95314FF82E950C9100BDEE62 /* Functions in Frameworks */,
				953150002E950C9100BDEE62 /* Supabase in Frameworks */,
				95314FF62E950C9100BDEE62 /* Auth in Frameworks */,
				95314FFE2E950C9100BDEE62 /* Storage in Frameworks */,
				95314FFC2E950C9100BDEE62 /* Realtime in Frameworks */,
			);
			runOnlyForDeploymentPostprocessing = 0;
		};
		9534748F2E8AA6D6004F4AA2 /* Frameworks */ = {
			isa = PBXFrameworksBuildPhase;
			buildActionMask = 2147483647;
			files = (
			);
			runOnlyForDeploymentPostprocessing = 0;
		};
		953474992E8AA6D6004F4AA2 /* Frameworks */ = {
			isa = PBXFrameworksBuildPhase;
			buildActionMask = 2147483647;
			files = (
			);
			runOnlyForDeploymentPostprocessing = 0;
		};
/* End PBXFrameworksBuildPhase section */

/* Begin PBXGroup section */
		9534747C2E8AA6D5004F4AA2 = {
			isa = PBXGroup;
			children = (
				953474872E8AA6D5004F4AA2 /* Kuro */,
				953474952E8AA6D6004F4AA2 /* KuroTests */,
				9534749F2E8AA6D6004F4AA2 /* KuroUITests */,
				953474862E8AA6D5004F4AA2 /* Products */,
			);
			sourceTree = "<group>";
		};
		953474862E8AA6D5004F4AA2 /* Products */ = {
			isa = PBXGroup;
			children = (
				953474852E8AA6D5004F4AA2 /* Kuro.app */,
				953474922E8AA6D6004F4AA2 /* KuroTests.xctest */,
				9534749C2E8AA6D6004F4AA2 /* KuroUITests.xctest */,
			);
			name = Products;
			sourceTree = "<group>";
		};
/* End PBXGroup section */

/* Begin PBXNativeTarget section */
		953474842E8AA6D5004F4AA2 /* Kuro */ = {
			isa = PBXNativeTarget;
			buildConfigurationList = 953474A62E8AA6D6004F4AA2 /* Build configuration list for PBXNativeTarget "Kuro" */;
			buildPhases = (
				953474812E8AA6D5004F4AA2 /* Sources */,
				953474822E8AA6D5004F4AA2 /* Frameworks */,
				953474832E8AA6D5004F4AA2 /* Resources */,
			);
			buildRules = (
			);
			dependencies = (
			);
			fileSystemSynchronizedGroups = (
				953474872E8AA6D5004F4AA2 /* Kuro */,
			);
			name = Kuro;
			packageProductDependencies = (
				95314FF52E950C9100BDEE62 /* Auth */,
				95314FF72E950C9100BDEE62 /* Functions */,
				95314FF92E950C9100BDEE62 /* PostgREST */,
				95314FFB2E950C9100BDEE62 /* Realtime */,
				95314FFD2E950C9100BDEE62 /* Storage */,
				95314FFF2E950C9100BDEE62 /* Supabase */,
			);
			productName = Kuro;
			productReference = 953474852E8AA6D5004F4AA2 /* Kuro.app */;
			productType = "com.apple.product-type.application";
		};
		953474912E8AA6D6004F4AA2 /* KuroTests */ = {
			isa = PBXNativeTarget;
			buildConfigurationList = 953474A92E8AA6D6004F4AA2 /* Build configuration list for PBXNativeTarget "KuroTests" */;
			buildPhases = (
				9534748E2E8AA6D6004F4AA2 /* Sources */,
				9534748F2E8AA6D6004F4AA2 /* Frameworks */,
				953474902E8AA6D6004F4AA2 /* Resources */,
			);
			buildRules = (
			);
			dependencies = (
				953474942E8AA6D6004F4AA2 /* PBXTargetDependency */,
			);
			fileSystemSynchronizedGroups = (
				953474952E8AA6D6004F4AA2 /* KuroTests */,
			);
			name = KuroTests;
			packageProductDependencies = (
			);
			productName = KuroTests;
			productReference = 953474922E8AA6D6004F4AA2 /* KuroTests.xctest */;
			productType = "com.apple.product-type.bundle.unit-test";
		};
		9534749B2E8AA6D6004F4AA2 /* KuroUITests */ = {
			isa = PBXNativeTarget;
			buildConfigurationList = 953474AC2E8AA6D6004F4AA2 /* Build configuration list for PBXNativeTarget "KuroUITests" */;
			buildPhases = (
				953474982E8AA6D6004F4AA2 /* Sources */,
				953474992E8AA6D6004F4AA2 /* Frameworks */,
				9534749A2E8AA6D6004F4AA2 /* Resources */,
			);
			buildRules = (
			);
			dependencies = (
				9534749E2E8AA6D6004F4AA2 /* PBXTargetDependency */,
			);
			fileSystemSynchronizedGroups = (
				9534749F2E8AA6D6004F4AA2 /* KuroUITests */,
			);
			name = KuroUITests;
			packageProductDependencies = (
			);
			productName = KuroUITests;
			productReference = 9534749C2E8AA6D6004F4AA2 /* KuroUITests.xctest */;
			productType = "com.apple.product-type.bundle.ui-testing";
		};
/* End PBXNativeTarget section */

/* Begin PBXProject section */
		9534747D2E8AA6D5004F4AA2 /* Project object */ = {
			isa = PBXProject;
			attributes = {
				BuildIndependentTargetsInParallel = 1;
				LastSwiftUpdateCheck = 2600;
				LastUpgradeCheck = 2600;
				TargetAttributes = {
					953474842E8AA6D5004F4AA2 = {
						CreatedOnToolsVersion = 26.0.1;
					};
					953474912E8AA6D6004F4AA2 = {
						CreatedOnToolsVersion = 26.0.1;
						TestTargetID = 953474842E8AA6D5004F4AA2;
					};
					9534749B2E8AA6D6004F4AA2 = {
						CreatedOnToolsVersion = 26.0.1;
						TestTargetID = 953474842E8AA6D5004F4AA2;
					};
				};
			};
			buildConfigurationList = 953474802E8AA6D5004F4AA2 /* Build configuration list for PBXProject "Kuro" */;
			developmentRegion = en;
			hasScannedForEncodings = 0;
			knownRegions = (
				en,
				Base,
			);
			mainGroup = 9534747C2E8AA6D5004F4AA2;
			minimizedProjectReferenceProxies = 1;
			packageReferences = (
				95314FF42E950C9100BDEE62 /* XCLocalSwiftPackageReference "../../Downloads/supabase-swift-main" */,
			);
			preferredProjectObjectVersion = 77;
			productRefGroup = 953474862E8AA6D5004F4AA2 /* Products */;
			projectDirPath = "";
			projectRoot = "";
			targets = (
				953474842E8AA6D5004F4AA2 /* Kuro */,
				953474912E8AA6D6004F4AA2 /* KuroTests */,
				9534749B2E8AA6D6004F4AA2 /* KuroUITests */,
			);
		};
/* End PBXProject section */

/* Begin PBXResourcesBuildPhase section */
		953474832E8AA6D5004F4AA2 /* Resources */ = {
			isa = PBXResourcesBuildPhase;
			buildActionMask = 2147483647;
			files = (
			);
			runOnlyForDeploymentPostprocessing = 0;
		};
		953474902E8AA6D6004F4AA2 /* Resources */ = {
			isa = PBXResourcesBuildPhase;
			buildActionMask = 2147483647;
			files = (
			);
			runOnlyForDeploymentPostprocessing = 0;
		};
		9534749A2E8AA6D6004F4AA2 /* Resources */ = {
			isa = PBXResourcesBuildPhase;
			buildActionMask = 2147483647;
			files = (
			);
			runOnlyForDeploymentPostprocessing = 0;
		};
/* End PBXResourcesBuildPhase section */

/* Begin PBXSourcesBuildPhase section */
		953474812E8AA6D5004F4AA2 /* Sources */ = {
			isa = PBXSourcesBuildPhase;
			buildActionMask = 2147483647;
			files = (
			);
			runOnlyForDeploymentPostprocessing = 0;
		};
		9534748E2E8AA6D6004F4AA2 /* Sources */ = {
			isa = PBXSourcesBuildPhase;
			buildActionMask = 2147483647;
			files = (
			);
			runOnlyForDeploymentPostprocessing = 0;
		};
		953474982E8AA6D6004F4AA2 /* Sources */ = {
			isa = PBXSourcesBuildPhase;
			buildActionMask = 2147483647;
			files = (
			);
			runOnlyForDeploymentPostprocessing = 0;
		};
/* End PBXSourcesBuildPhase section */

/* Begin PBXTargetDependency section */
		953474942E8AA6D6004F4AA2 /* PBXTargetDependency */ = {
			isa = PBXTargetDependency;
			target = 953474842E8AA6D5004F4AA2 /* Kuro */;
			targetProxy = 953474932E8AA6D6004F4AA2 /* PBXContainerItemProxy */;
		};
		9534749E2E8AA6D6004F4AA2 /* PBXTargetDependency */ = {
			isa = PBXTargetDependency;
			target = 953474842E8AA6D5004F4AA2 /* Kuro */;
			targetProxy = 9534749D2E8AA6D6004F4AA2 /* PBXContainerItemProxy */;
		};
/* End PBXTargetDependency section */

/* Begin XCBuildConfiguration section */
		953474A42E8AA6D6004F4AA2 /* Debug */ = {
			isa = XCBuildConfiguration;
			buildSettings = {
				ALWAYS_SEARCH_USER_PATHS = NO;
				ASSETCATALOG_COMPILER_GENERATE_SWIFT_ASSET_SYMBOL_EXTENSIONS = YES;
				CLANG_ANALYZER_NONNULL = YES;
				CLANG_ANALYZER_NUMBER_OBJECT_CONVERSION = YES_AGGRESSIVE;
				CLANG_CXX_LANGUAGE_STANDARD = "gnu++20";
				CLANG_ENABLE_MODULES = YES;
				CLANG_ENABLE_OBJC_ARC = YES;
				CLANG_ENABLE_OBJC_WEAK = YES;
				CLANG_WARN_BLOCK_CAPTURE_AUTORELEASING = YES;
				CLANG_WARN_BOOL_CONVERSION = YES;
				CLANG_WARN_COMMA = YES;
				CLANG_WARN_CONSTANT_CONVERSION = YES;
				CLANG_WARN_DEPRECATED_OBJC_IMPLEMENTATIONS = YES;
				CLANG_WARN_DIRECT_OBJC_ISA_USAGE = YES_ERROR;
				CLANG_WARN_DOCUMENTATION_COMMENTS = YES;
				CLANG_WARN_EMPTY_BODY = YES;
				CLANG_WARN_ENUM_CONVERSION = YES;
				CLANG_WARN_INFINITE_RECURSION = YES;
				CLANG_WARN_INT_CONVERSION = YES;
				CLANG_WARN_NON_LITERAL_NULL_CONVERSION = YES;
				CLANG_WARN_OBJC_IMPLICIT_RETAIN_SELF = YES;
				CLANG_WARN_OBJC_LITERAL_CONVERSION = YES;
				CLANG_WARN_OBJC_ROOT_CLASS = YES_ERROR;
				CLANG_WARN_QUOTED_INCLUDE_IN_FRAMEWORK_HEADER = YES;
				CLANG_WARN_RANGE_LOOP_ANALYSIS = YES;
				CLANG_WARN_STRICT_PROTOTYPES = YES;
				CLANG_WARN_SUSPICIOUS_MOVE = YES;
				CLANG_WARN_UNGUARDED_AVAILABILITY = YES_AGGRESSIVE;
				CLANG_WARN_UNREACHABLE_CODE = YES;
				CLANG_WARN__DUPLICATE_METHOD_MATCH = YES;
				COPY_PHASE_STRIP = NO;
				DEBUG_INFORMATION_FORMAT = dwarf;
				DEVELOPMENT_TEAM = YLG68JL5Y7;
				ENABLE_STRICT_OBJC_MSGSEND = YES;
				ENABLE_TESTABILITY = YES;
				ENABLE_USER_SCRIPT_SANDBOXING = YES;
				GCC_C_LANGUAGE_STANDARD = gnu17;
				GCC_DYNAMIC_NO_PIC = NO;
				GCC_NO_COMMON_BLOCKS = YES;
				GCC_OPTIMIZATION_LEVEL = 0;
				GCC_PREPROCESSOR_DEFINITIONS = (
					"DEBUG=1",
					"$(inherited)",
				);
				GCC_WARN_64_TO_32_BIT_CONVERSION = YES;
				GCC_WARN_ABOUT_RETURN_TYPE = YES_ERROR;
				GCC_WARN_UNDECLARED_SELECTOR = YES;
				GCC_WARN_UNINITIALIZED_AUTOS = YES_AGGRESSIVE;
				GCC_WARN_UNUSED_FUNCTION = YES;
				GCC_WARN_UNUSED_VARIABLE = YES;
				LOCALIZATION_PREFERS_STRING_CATALOGS = YES;
				MTL_ENABLE_DEBUG_INFO = INCLUDE_SOURCE;
				MTL_FAST_MATH = YES;
				ONLY_ACTIVE_ARCH = YES;
				SWIFT_ACTIVE_COMPILATION_CONDITIONS = "DEBUG $(inherited)";
				SWIFT_OPTIMIZATION_LEVEL = "-Onone";
			};
			name = Debug;
		};
		953474A52E8AA6D6004F4AA2 /* Release */ = {
			isa = XCBuildConfiguration;
			buildSettings = {
				ALWAYS_SEARCH_USER_PATHS = NO;
				ASSETCATALOG_COMPILER_GENERATE_SWIFT_ASSET_SYMBOL_EXTENSIONS = YES;
				CLANG_ANALYZER_NONNULL = YES;
				CLANG_ANALYZER_NUMBER_OBJECT_CONVERSION = YES_AGGRESSIVE;
				CLANG_CXX_LANGUAGE_STANDARD = "gnu++20";
				CLANG_ENABLE_MODULES = YES;
				CLANG_ENABLE_OBJC_ARC = YES;
				CLANG_ENABLE_OBJC_WEAK = YES;
				CLANG_WARN_BLOCK_CAPTURE_AUTORELEASING = YES;
				CLANG_WARN_BOOL_CONVERSION = YES;
				CLANG_WARN_COMMA = YES;
				CLANG_WARN_CONSTANT_CONVERSION = YES;
				CLANG_WARN_DEPRECATED_OBJC_IMPLEMENTATIONS = YES;
				CLANG_WARN_DIRECT_OBJC_ISA_USAGE = YES_ERROR;
				CLANG_WARN_DOCUMENTATION_COMMENTS = YES;
				CLANG_WARN_EMPTY_BODY = YES;
				CLANG_WARN_ENUM_CONVERSION = YES;
				CLANG_WARN_INFINITE_RECURSION = YES;
				CLANG_WARN_INT_CONVERSION = YES;
				CLANG_WARN_NON_LITERAL_NULL_CONVERSION = YES;
				CLANG_WARN_OBJC_IMPLICIT_RETAIN_SELF = YES;
				CLANG_WARN_OBJC_LITERAL_CONVERSION = YES;
				CLANG_WARN_OBJC_ROOT_CLASS = YES_ERROR;
				CLANG_WARN_QUOTED_INCLUDE_IN_FRAMEWORK_HEADER = YES;
				CLANG_WARN_RANGE_LOOP_ANALYSIS = YES;
				CLANG_WARN_STRICT_PROTOTYPES = YES;
				CLANG_WARN_SUSPICIOUS_MOVE = YES;
				CLANG_WARN_UNGUARDED_AVAILABILITY = YES_AGGRESSIVE;
				CLANG_WARN_UNREACHABLE_CODE = YES;
				CLANG_WARN__DUPLICATE_METHOD_MATCH = YES;
				COPY_PHASE_STRIP = NO;
				DEBUG_INFORMATION_FORMAT = "dwarf-with-dsym";
				DEVELOPMENT_TEAM = YLG68JL5Y7;
				ENABLE_NS_ASSERTIONS = NO;
				ENABLE_STRICT_OBJC_MSGSEND = YES;
				ENABLE_USER_SCRIPT_SANDBOXING = YES;
				GCC_C_LANGUAGE_STANDARD = gnu17;
				GCC_NO_COMMON_BLOCKS = YES;
				GCC_WARN_64_TO_32_BIT_CONVERSION = YES;
				GCC_WARN_ABOUT_RETURN_TYPE = YES_ERROR;
				GCC_WARN_UNDECLARED_SELECTOR = YES;
				GCC_WARN_UNINITIALIZED_AUTOS = YES_AGGRESSIVE;
				GCC_WARN_UNUSED_FUNCTION = YES;
				GCC_WARN_UNUSED_VARIABLE = YES;
				LOCALIZATION_PREFERS_STRING_CATALOGS = YES;
				MTL_ENABLE_DEBUG_INFO = NO;
				MTL_FAST_MATH = YES;
				SWIFT_COMPILATION_MODE = wholemodule;
			};
			name = Release;
		};
		953474A72E8AA6D6004F4AA2 /* Debug */ = {
			isa = XCBuildConfiguration;
			buildSettings = {
				ASSETCATALOG_COMPILER_APPICON_NAME = AppIcon;
				ASSETCATALOG_COMPILER_GLOBAL_ACCENT_COLOR_NAME = AccentColor;
				CODE_SIGN_STYLE = Automatic;
				CURRENT_PROJECT_VERSION = 1;
				DEVELOPMENT_TEAM = YLG68JL5Y7;
				ENABLE_APP_SANDBOX = YES;
				ENABLE_HARDENED_RUNTIME = YES;
				ENABLE_PREVIEWS = YES;
				ENABLE_USER_SELECTED_FILES = readonly;
				GENERATE_INFOPLIST_FILE = YES;
				"INFOPLIST_KEY_UIApplicationSceneManifest_Generation[sdk=iphoneos*]" = YES;
				"INFOPLIST_KEY_UIApplicationSceneManifest_Generation[sdk=iphonesimulator*]" = YES;
				"INFOPLIST_KEY_UIApplicationSupportsIndirectInputEvents[sdk=iphoneos*]" = YES;
				"INFOPLIST_KEY_UIApplicationSupportsIndirectInputEvents[sdk=iphonesimulator*]" = YES;
				"INFOPLIST_KEY_UILaunchScreen_Generation[sdk=iphoneos*]" = YES;
				"INFOPLIST_KEY_UILaunchScreen_Generation[sdk=iphonesimulator*]" = YES;
				"INFOPLIST_KEY_UIStatusBarStyle[sdk=iphoneos*]" = UIStatusBarStyleDefault;
				"INFOPLIST_KEY_UIStatusBarStyle[sdk=iphonesimulator*]" = UIStatusBarStyleDefault;
				INFOPLIST_KEY_UISupportedInterfaceOrientations_iPad = "UIInterfaceOrientationPortrait UIInterfaceOrientationPortraitUpsideDown UIInterfaceOrientationLandscapeLeft UIInterfaceOrientationLandscapeRight";
				INFOPLIST_KEY_UISupportedInterfaceOrientations_iPhone = "UIInterfaceOrientationPortrait UIInterfaceOrientationLandscapeLeft UIInterfaceOrientationLandscapeRight";
				IPHONEOS_DEPLOYMENT_TARGET = 26.0;
				LD_RUNPATH_SEARCH_PATHS = "@executable_path/Frameworks";
				"LD_RUNPATH_SEARCH_PATHS[sdk=macosx*]" = "@executable_path/../Frameworks";
				MACOSX_DEPLOYMENT_TARGET = 26.0;
				MARKETING_VERSION = 1.0;
				PRODUCT_BUNDLE_IDENTIFIER = com.kuro.app;
				PRODUCT_NAME = "$(TARGET_NAME)";
				REGISTER_APP_GROUPS = YES;
				SDKROOT = auto;
				STRING_CATALOG_GENERATE_SYMBOLS = YES;
				SUPPORTED_PLATFORMS = "iphoneos iphonesimulator macosx xros xrsimulator";
				SWIFT_APPROACHABLE_CONCURRENCY = YES;
				SWIFT_DEFAULT_ACTOR_ISOLATION = MainActor;
				SWIFT_EMIT_LOC_STRINGS = YES;
				SWIFT_UPCOMING_FEATURE_MEMBER_IMPORT_VISIBILITY = YES;
				SWIFT_VERSION = 5.0;
				TARGETED_DEVICE_FAMILY = "1,2,7";
				XROS_DEPLOYMENT_TARGET = 26.0;
			};
			name = Debug;
		};
		953474A82E8AA6D6004F4AA2 /* Release */ = {
			isa = XCBuildConfiguration;
			buildSettings = {
				ASSETCATALOG_COMPILER_APPICON_NAME = AppIcon;
				ASSETCATALOG_COMPILER_GLOBAL_ACCENT_COLOR_NAME = AccentColor;
				CODE_SIGN_STYLE = Automatic;
				CURRENT_PROJECT_VERSION = 1;
				DEVELOPMENT_TEAM = YLG68JL5Y7;
				ENABLE_APP_SANDBOX = YES;
				ENABLE_HARDENED_RUNTIME = YES;
				ENABLE_PREVIEWS = YES;
				ENABLE_USER_SELECTED_FILES = readonly;
				GENERATE_INFOPLIST_FILE = YES;
				"INFOPLIST_KEY_UIApplicationSceneManifest_Generation[sdk=iphoneos*]" = YES;
				"INFOPLIST_KEY_UIApplicationSceneManifest_Generation[sdk=iphonesimulator*]" = YES;
				"INFOPLIST_KEY_UIApplicationSupportsIndirectInputEvents[sdk=iphoneos*]" = YES;
				"INFOPLIST_KEY_UIApplicationSupportsIndirectInputEvents[sdk=iphonesimulator*]" = YES;
				"INFOPLIST_KEY_UILaunchScreen_Generation[sdk=iphoneos*]" = YES;
				"INFOPLIST_KEY_UILaunchScreen_Generation[sdk=iphonesimulator*]" = YES;
				"INFOPLIST_KEY_UIStatusBarStyle[sdk=iphoneos*]" = UIStatusBarStyleDefault;
				"INFOPLIST_KEY_UIStatusBarStyle[sdk=iphonesimulator*]" = UIStatusBarStyleDefault;
				INFOPLIST_KEY_UISupportedInterfaceOrientations_iPad = "UIInterfaceOrientationPortrait UIInterfaceOrientationPortraitUpsideDown UIInterfaceOrientationLandscapeLeft UIInterfaceOrientationLandscapeRight";
				INFOPLIST_KEY_UISupportedInterfaceOrientations_iPhone = "UIInterfaceOrientationPortrait UIInterfaceOrientationLandscapeLeft UIInterfaceOrientationLandscapeRight";
				IPHONEOS_DEPLOYMENT_TARGET = 26.0;
				LD_RUNPATH_SEARCH_PATHS = "@executable_path/Frameworks";
				"LD_RUNPATH_SEARCH_PATHS[sdk=macosx*]" = "@executable_path/../Frameworks";
				MACOSX_DEPLOYMENT_TARGET = 26.0;
				MARKETING_VERSION = 1.0;
				PRODUCT_BUNDLE_IDENTIFIER = com.kuro.app;
				PRODUCT_NAME = "$(TARGET_NAME)";
				REGISTER_APP_GROUPS = YES;
				SDKROOT = auto;
				STRING_CATALOG_GENERATE_SYMBOLS = YES;
				SUPPORTED_PLATFORMS = "iphoneos iphonesimulator macosx xros xrsimulator";
				SWIFT_APPROACHABLE_CONCURRENCY = YES;
				SWIFT_DEFAULT_ACTOR_ISOLATION = MainActor;
				SWIFT_EMIT_LOC_STRINGS = YES;
				SWIFT_UPCOMING_FEATURE_MEMBER_IMPORT_VISIBILITY = YES;
				SWIFT_VERSION = 5.0;
				TARGETED_DEVICE_FAMILY = "1,2,7";
				XROS_DEPLOYMENT_TARGET = 26.0;
			};
			name = Release;
		};
		953474AA2E8AA6D6004F4AA2 /* Debug */ = {
			isa = XCBuildConfiguration;
			buildSettings = {
				BUNDLE_LOADER = "$(TEST_HOST)";
				CODE_SIGN_STYLE = Automatic;
				CURRENT_PROJECT_VERSION = 1;
				DEVELOPMENT_TEAM = YLG68JL5Y7;
				GENERATE_INFOPLIST_FILE = YES;
				IPHONEOS_DEPLOYMENT_TARGET = 26.0;
				MACOSX_DEPLOYMENT_TARGET = 26.0;
				MARKETING_VERSION = 1.0;
				PRODUCT_BUNDLE_IDENTIFIER = Lazy.KuroTests;
				PRODUCT_NAME = "$(TARGET_NAME)";
				SDKROOT = auto;
				STRING_CATALOG_GENERATE_SYMBOLS = NO;
				SUPPORTED_PLATFORMS = "iphoneos iphonesimulator macosx xros xrsimulator";
				SWIFT_APPROACHABLE_CONCURRENCY = YES;
				SWIFT_EMIT_LOC_STRINGS = NO;
				SWIFT_UPCOMING_FEATURE_MEMBER_IMPORT_VISIBILITY = YES;
				SWIFT_VERSION = 5.0;
				TARGETED_DEVICE_FAMILY = "1,2,7";
				TEST_HOST = "$(BUILT_PRODUCTS_DIR)/Kuro.app/$(BUNDLE_EXECUTABLE_FOLDER_PATH)/Kuro";
				XROS_DEPLOYMENT_TARGET = 26.0;
			};
			name = Debug;
		};
		953474AB2E8AA6D6004F4AA2 /* Release */ = {
			isa = XCBuildConfiguration;
			buildSettings = {
				BUNDLE_LOADER = "$(TEST_HOST)";
				CODE_SIGN_STYLE = Automatic;
				CURRENT_PROJECT_VERSION = 1;
				DEVELOPMENT_TEAM = YLG68JL5Y7;
				GENERATE_INFOPLIST_FILE = YES;
				IPHONEOS_DEPLOYMENT_TARGET = 26.0;
				MACOSX_DEPLOYMENT_TARGET = 26.0;
				MARKETING_VERSION = 1.0;
				PRODUCT_BUNDLE_IDENTIFIER = Lazy.KuroTests;
				PRODUCT_NAME = "$(TARGET_NAME)";
				SDKROOT = auto;
				STRING_CATALOG_GENERATE_SYMBOLS = NO;
				SUPPORTED_PLATFORMS = "iphoneos iphonesimulator macosx xros xrsimulator";
				SWIFT_APPROACHABLE_CONCURRENCY = YES;
				SWIFT_EMIT_LOC_STRINGS = NO;
				SWIFT_UPCOMING_FEATURE_MEMBER_IMPORT_VISIBILITY = YES;
				SWIFT_VERSION = 5.0;
				TARGETED_DEVICE_FAMILY = "1,2,7";
				TEST_HOST = "$(BUILT_PRODUCTS_DIR)/Kuro.app/$(BUNDLE_EXECUTABLE_FOLDER_PATH)/Kuro";
				XROS_DEPLOYMENT_TARGET = 26.0;
			};
			name = Release;
		};
		953474AD2E8AA6D6004F4AA2 /* Debug */ = {
			isa = XCBuildConfiguration;
			buildSettings = {
				CODE_SIGN_STYLE = Automatic;
				CURRENT_PROJECT_VERSION = 1;
				DEVELOPMENT_TEAM = YLG68JL5Y7;
				GENERATE_INFOPLIST_FILE = YES;
				IPHONEOS_DEPLOYMENT_TARGET = 26.0;
				MACOSX_DEPLOYMENT_TARGET = 26.0;
				MARKETING_VERSION = 1.0;
				PRODUCT_BUNDLE_IDENTIFIER = Lazy.KuroUITests;
				PRODUCT_NAME = "$(TARGET_NAME)";
				SDKROOT = auto;
				STRING_CATALOG_GENERATE_SYMBOLS = NO;
				SUPPORTED_PLATFORMS = "iphoneos iphonesimulator macosx xros xrsimulator";
				SWIFT_APPROACHABLE_CONCURRENCY = YES;
				SWIFT_EMIT_LOC_STRINGS = NO;
				SWIFT_UPCOMING_FEATURE_MEMBER_IMPORT_VISIBILITY = YES;
				SWIFT_VERSION = 5.0;
				TARGETED_DEVICE_FAMILY = "1,2,7";
				TEST_TARGET_NAME = Kuro;
				XROS_DEPLOYMENT_TARGET = 26.0;
			};
			name = Debug;
		};
		953474AE2E8AA6D6004F4AA2 /* Release */ = {
			isa = XCBuildConfiguration;
			buildSettings = {
				CODE_SIGN_STYLE = Automatic;
				CURRENT_PROJECT_VERSION = 1;
				DEVELOPMENT_TEAM = YLG68JL5Y7;
				GENERATE_INFOPLIST_FILE = YES;
				IPHONEOS_DEPLOYMENT_TARGET = 26.0;
				MACOSX_DEPLOYMENT_TARGET = 26.0;
				MARKETING_VERSION = 1.0;
				PRODUCT_BUNDLE_IDENTIFIER = Lazy.KuroUITests;
				PRODUCT_NAME = "$(TARGET_NAME)";
				SDKROOT = auto;
				STRING_CATALOG_GENERATE_SYMBOLS = NO;
				SUPPORTED_PLATFORMS = "iphoneos iphonesimulator macosx xros xrsimulator";
				SWIFT_APPROACHABLE_CONCURRENCY = YES;
				SWIFT_EMIT_LOC_STRINGS = NO;
				SWIFT_UPCOMING_FEATURE_MEMBER_IMPORT_VISIBILITY = YES;
				SWIFT_VERSION = 5.0;
				TARGETED_DEVICE_FAMILY = "1,2,7";
				TEST_TARGET_NAME = Kuro;
				XROS_DEPLOYMENT_TARGET = 26.0;
			};
			name = Release;
		};
/* End XCBuildConfiguration section */

/* Begin XCConfigurationList section */
		953474802E8AA6D5004F4AA2 /* Build configuration list for PBXProject "Kuro" */ = {
			isa = XCConfigurationList;
			buildConfigurations = (
				953474A42E8AA6D6004F4AA2 /* Debug */,
				953474A52E8AA6D6004F4AA2 /* Release */,
			);
			defaultConfigurationIsVisible = 0;
			defaultConfigurationName = Release;
		};
		953474A62E8AA6D6004F4AA2 /* Build configuration list for PBXNativeTarget "Kuro" */ = {
			isa = XCConfigurationList;
			buildConfigurations = (
				953474A72E8AA6D6004F4AA2 /* Debug */,
				953474A82E8AA6D6004F4AA2 /* Release */,
			);
			defaultConfigurationIsVisible = 0;
			defaultConfigurationName = Release;
		};
		953474A92E8AA6D6004F4AA2 /* Build configuration list for PBXNativeTarget "KuroTests" */ = {
			isa = XCConfigurationList;
			buildConfigurations = (
				953474AA2E8AA6D6004F4AA2 /* Debug */,
				953474AB2E8AA6D6004F4AA2 /* Release */,
			);
			defaultConfigurationIsVisible = 0;
			defaultConfigurationName = Release;
		};
		953474AC2E8AA6D6004F4AA2 /* Build configuration list for PBXNativeTarget "KuroUITests" */ = {
			isa = XCConfigurationList;
			buildConfigurations = (
				953474AD2E8AA6D6004F4AA2 /* Debug */,
				953474AE2E8AA6D6004F4AA2 /* Release */,
			);
			defaultConfigurationIsVisible = 0;
			defaultConfigurationName = Release;
		};
/* End XCConfigurationList section */

/* Begin XCLocalSwiftPackageReference section */
		95314FF42E950C9100BDEE62 /* XCLocalSwiftPackageReference "../../Downloads/supabase-swift-main" */ = {
			isa = XCLocalSwiftPackageReference;
			relativePath = "../../Downloads/supabase-swift-main";
		};
/* End XCLocalSwiftPackageReference section */

/* Begin XCSwiftPackageProductDependency section */
		95314FF52E950C9100BDEE62 /* Auth */ = {
			isa = XCSwiftPackageProductDependency;
			productName = Auth;
		};
		95314FF72E950C9100BDEE62 /* Functions */ = {
			isa = XCSwiftPackageProductDependency;
			productName = Functions;
		};
		95314FF92E950C9100BDEE62 /* PostgREST */ = {
			isa = XCSwiftPackageProductDependency;
			productName = PostgREST;
		};
		95314FFB2E950C9100BDEE62 /* Realtime */ = {
			isa = XCSwiftPackageProductDependency;
			productName = Realtime;
		};
		95314FFD2E950C9100BDEE62 /* Storage */ = {
			isa = XCSwiftPackageProductDependency;
			productName = Storage;
		};
		95314FFF2E950C9100BDEE62 /* Supabase */ = {
			isa = XCSwiftPackageProductDependency;
			productName = Supabase;
		};
/* End XCSwiftPackageProductDependency section */
	};
	rootObject = 9534747D2E8AA6D5004F4AA2 /* Project object */;
}
